
Microsoft Visual Studio Solution File, Format Version 12.00
# Visual Studio Version 17
VisualStudioVersion = 17.7.34031.279
MinimumVisualStudioVersion = 10.0.40219.1
Project("{9A19103F-16F7-4668-BE54-9A1E7A4F7556}") = "CarsAssemble", "CarsAssemble.csproj", "{1DC33E09-220A-48A9-A0B8-8263B190AD71}"
EndProject
Global
	GlobalSection(SolutionConfigurationPlatforms) = preSolution
		Debug|Any CPU = Debug|Any CPU
		Release|Any CPU = Release|Any CPU
	EndGlobalSection
	GlobalSection(ProjectConfigurationPlatforms) = postSolution
		{1DC33E09-220A-48A9-A0B8-8263B190AD71}.Debug|Any CPU.ActiveCfg = Debug|Any CPU
		{1DC33E09-220A-48A9-A0B8-8263B190AD71}.Debug|Any CPU.Build.0 = Debug|Any CPU
		{1DC33E09-220A-48A9-A0B8-8263B190AD71}.Release|Any CPU.ActiveCfg = Release|Any CPU
		{1DC33E09-220A-48A9-A0B8-8263B190AD71}.Release|Any CPU.Build.0 = Release|Any CPU
	EndGlobalSection
	GlobalSection(SolutionProperties) = preSolution
		HideSolutionNode = FALSE
	EndGlobalSection
	GlobalSection(ExtensibilityGlobals) = postSolution
		SolutionGuid = {F80B0B19-07CE-48BE-99F8-155D14D238B0}
	EndGlobalSection
EndGlobal
